
Microsoft Visual Studio Solution File, Format Version 11.00
# Visual Studio 2010
Project("{159641D6-6404-4A2A-AE62-294DE0FE8301}") = "lab2", "lab2\lab2.dtproj", "{7B0845A8-CBE7-4FC5-9D89-9F678D29C6F7}"
EndProject
Global
	GlobalSection(SolutionConfigurationPlatforms) = preSolution
		Development|Default = Development|Default
	EndGlobalSection
	GlobalSection(ProjectConfigurationPlatforms) = postSolution
		{7B0845A8-CBE7-4FC5-9D89-9F678D29C6F7}.Development|Default.ActiveCfg = Development
		{7B0845A8-CBE7-4FC5-9D89-9F678D29C6F7}.Development|Default.Build.0 = Development
	EndGlobalSection
	GlobalSection(SolutionProperties) = preSolution
		HideSolutionNode = FALSE
	EndGlobalSection
EndGlobal
